
Microsoft Visual Studio Solution File, Format Version 12.00
# Visual Studio Version 16
VisualStudioVersion = 16.0.30621.155
MinimumVisualStudioVersion = 10.0.40219.1
Project("{8BC9CEB8-8B4A-11D0-8D11-00A0C91BC942}") = "assambler_str_one", "assambler_str_one\assambler_str_one.vcxproj", "{C2C3C961-1AD2-485D-A9A3-E3043826633F}"
EndProject
Global
	GlobalSection(SolutionConfigurationPlatforms) = preSolution
		Debug|x64 = Debug|x64
		Debug|x86 = Debug|x86
		Release|x64 = Release|x64
		Release|x86 = Release|x86
	EndGlobalSection
	GlobalSection(ProjectConfigurationPlatforms) = postSolution
		{C2C3C961-1AD2-485D-A9A3-E3043826633F}.Debug|x64.ActiveCfg = Debug|x64
		{C2C3C961-1AD2-485D-A9A3-E3043826633F}.Debug|x64.Build.0 = Debug|x64
		{C2C3C961-1AD2-485D-A9A3-E3043826633F}.Debug|x86.ActiveCfg = Debug|Win32
		{C2C3C961-1AD2-485D-A9A3-E3043826633F}.Debug|x86.Build.0 = Debug|Win32
		{C2C3C961-1AD2-485D-A9A3-E3043826633F}.Release|x64.ActiveCfg = Release|x64
		{C2C3C961-1AD2-485D-A9A3-E3043826633F}.Release|x64.Build.0 = Release|x64
		{C2C3C961-1AD2-485D-A9A3-E3043826633F}.Release|x86.ActiveCfg = Release|Win32
		{C2C3C961-1AD2-485D-A9A3-E3043826633F}.Release|x86.Build.0 = Release|Win32
	EndGlobalSection
	GlobalSection(SolutionProperties) = preSolution
		HideSolutionNode = FALSE
	EndGlobalSection
	GlobalSection(ExtensibilityGlobals) = postSolution
		SolutionGuid = {2F0E9E02-6A8D-45B4-A983-BB2C9C378DBB}
	EndGlobalSection
EndGlobal
